
Microsoft Visual Studio Solution File, Format Version 12.00
# Visual Studio 15
VisualStudioVersion = 15.0.28010.2048
MinimumVisualStudioVersion = 10.0.40219.1
Project("{FAE04EC0-301F-11D3-BF4B-00C04F79EFBC}") = "makdak app", "makdak app\makdak app.csproj", "{BD2D52A4-D3CF-467E-8C95-269292455C9B}"
EndProject
Global
	GlobalSection(SolutionConfigurationPlatforms) = preSolution
		Debug|Any CPU = Debug|Any CPU
		Release|Any CPU = Release|Any CPU
	EndGlobalSection
	GlobalSection(ProjectConfigurationPlatforms) = postSolution
		{BD2D52A4-D3CF-467E-8C95-269292455C9B}.Debug|Any CPU.ActiveCfg = Debug|Any CPU
		{BD2D52A4-D3CF-467E-8C95-269292455C9B}.Debug|Any CPU.Build.0 = Debug|Any CPU
		{BD2D52A4-D3CF-467E-8C95-269292455C9B}.Release|Any CPU.ActiveCfg = Release|Any CPU
		{BD2D52A4-D3CF-467E-8C95-269292455C9B}.Release|Any CPU.Build.0 = Release|Any CPU
	EndGlobalSection
	GlobalSection(SolutionProperties) = preSolution
		HideSolutionNode = FALSE
	EndGlobalSection
	GlobalSection(ExtensibilityGlobals) = postSolution
		SolutionGuid = {ED2F478C-7D2D-4541-9704-EB2625B2492D}
	EndGlobalSection
EndGlobal
